
Microsoft Visual Studio Solution File, Format Version 12.00
# Visual Studio Version 17
VisualStudioVersion = 17.2.32616.157
MinimumVisualStudioVersion = 10.0.40219.1
Project("{FAE04EC0-301F-11D3-BF4B-00C04F79EFBC}") = "visu", "visu\visu.csproj", "{47E00C00-1304-4C9A-B3CC-C65808AE7E0F}"
EndProject
Project("{FAE04EC0-301F-11D3-BF4B-00C04F79EFBC}") = "progress", "progress\progress.csproj", "{97B047B0-A136-4CAE-94B7-F1C1ACA5D1A3}"
EndProject
Project("{9A19103F-16F7-4668-BE54-9A1E7A4F7556}") = "WinFormsApp1", "WinFormsApp1\WinFormsApp1.csproj", "{64496394-0FDE-451B-94E3-48EAACB43907}"
EndProject
Project("{FAE04EC0-301F-11D3-BF4B-00C04F79EFBC}") = "WindowsFormsApp11233241", "WindowsFormsApp11233241\WindowsFormsApp11233241.csproj", "{4FFA2A63-10D5-404C-8970-E4030434EC51}"
EndProject
Project("{FAE04EC0-301F-11D3-BF4B-00C04F79EFBC}") = "list view", "list view\list view.csproj", "{08C97D37-71E5-448F-BEFC-650B6393853E}"
EndProject
Project("{FAE04EC0-301F-11D3-BF4B-00C04F79EFBC}") = "ListView_Code", "ListView_Code\ListView_Code.csproj", "{70099AFF-18CA-4F43-9664-23534990B0DB}"
EndProject
Project("{FAE04EC0-301F-11D3-BF4B-00C04F79EFBC}") = "TreeViewApp", "TreeViewApp\TreeViewApp.csproj", "{A40BDDD6-3E9A-496E-BDF4-1983094143E8}"
EndProject
Project("{FAE04EC0-301F-11D3-BF4B-00C04F79EFBC}") = "Treeview", "Treeview\Treeview.csproj", "{D39E08EE-659B-40AC-BED4-F1CE0D017F39}"
EndProject
Project("{FAE04EC0-301F-11D3-BF4B-00C04F79EFBC}") = "treeview_control1", "treeview_control1\treeview_control1.csproj", "{87238920-86F3-456C-88EC-7AEFB01B12A8}"
EndProject
Project("{FAE04EC0-301F-11D3-BF4B-00C04F79EFBC}") = "spinup", "spinup\spinup.csproj", "{C26DAFEB-A410-4A29-9F74-B308C35A277D}"
EndProject
Project("{FAE04EC0-301F-11D3-BF4B-00C04F79EFBC}") = "picdrawing", "picdrawing\picdrawing.csproj", "{FDA93FC1-9839-4552-BDD4-4068C6A6A2D6}"
EndProject
Project("{FAE04EC0-301F-11D3-BF4B-00C04F79EFBC}") = "dbtest_access", "dbtest_access\dbtest_access.csproj", "{132F756E-A54B-4DFD-B284-F35698BA81F0}"
EndProject
Project("{FAE04EC0-301F-11D3-BF4B-00C04F79EFBC}") = "lllllllll", "lllllllll\lllllllll.csproj", "{2AB90764-FA9B-4A3A-9555-BD1439DA3479}"
EndProject
Project("{FAE04EC0-301F-11D3-BF4B-00C04F79EFBC}") = "SalesMIS", "SalesMIS\SalesMIS.csproj", "{598B4C76-1F03-4BF1-8D6A-285FD44D8886}"
EndProject
Global
	GlobalSection(SolutionConfigurationPlatforms) = preSolution
		Debug|Any CPU = Debug|Any CPU
		Release|Any CPU = Release|Any CPU
	EndGlobalSection
	GlobalSection(ProjectConfigurationPlatforms) = postSolution
		{47E00C00-1304-4C9A-B3CC-C65808AE7E0F}.Debug|Any CPU.ActiveCfg = Debug|Any CPU
		{47E00C00-1304-4C9A-B3CC-C65808AE7E0F}.Debug|Any CPU.Build.0 = Debug|Any CPU
		{47E00C00-1304-4C9A-B3CC-C65808AE7E0F}.Release|Any CPU.ActiveCfg = Release|Any CPU
		{47E00C00-1304-4C9A-B3CC-C65808AE7E0F}.Release|Any CPU.Build.0 = Release|Any CPU
		{97B047B0-A136-4CAE-94B7-F1C1ACA5D1A3}.Debug|Any CPU.ActiveCfg = Debug|Any CPU
		{97B047B0-A136-4CAE-94B7-F1C1ACA5D1A3}.Debug|Any CPU.Build.0 = Debug|Any CPU
		{97B047B0-A136-4CAE-94B7-F1C1ACA5D1A3}.Release|Any CPU.ActiveCfg = Release|Any CPU
		{97B047B0-A136-4CAE-94B7-F1C1ACA5D1A3}.Release|Any CPU.Build.0 = Release|Any CPU
		{64496394-0FDE-451B-94E3-48EAACB43907}.Debug|Any CPU.ActiveCfg = Debug|Any CPU
		{64496394-0FDE-451B-94E3-48EAACB43907}.Debug|Any CPU.Build.0 = Debug|Any CPU
		{64496394-0FDE-451B-94E3-48EAACB43907}.Release|Any CPU.ActiveCfg = Release|Any CPU
		{64496394-0FDE-451B-94E3-48EAACB43907}.Release|Any CPU.Build.0 = Release|Any CPU
		{4FFA2A63-10D5-404C-8970-E4030434EC51}.Debug|Any CPU.ActiveCfg = Debug|Any CPU
		{4FFA2A63-10D5-404C-8970-E4030434EC51}.Debug|Any CPU.Build.0 = Debug|Any CPU
		{4FFA2A63-10D5-404C-8970-E4030434EC51}.Release|Any CPU.ActiveCfg = Release|Any CPU
		{4FFA2A63-10D5-404C-8970-E4030434EC51}.Release|Any CPU.Build.0 = Release|Any CPU
		{08C97D37-71E5-448F-BEFC-650B6393853E}.Debug|Any CPU.ActiveCfg = Debug|Any CPU
		{08C97D37-71E5-448F-BEFC-650B6393853E}.Debug|Any CPU.Build.0 = Debug|Any CPU
		{08C97D37-71E5-448F-BEFC-650B6393853E}.Release|Any CPU.ActiveCfg = Release|Any CPU
		{08C97D37-71E5-448F-BEFC-650B6393853E}.Release|Any CPU.Build.0 = Release|Any CPU
		{70099AFF-18CA-4F43-9664-23534990B0DB}.Debug|Any CPU.ActiveCfg = Debug|Any CPU
		{70099AFF-18CA-4F43-9664-23534990B0DB}.Debug|Any CPU.Build.0 = Debug|Any CPU
		{70099AFF-18CA-4F43-9664-23534990B0DB}.Release|Any CPU.ActiveCfg = Release|Any CPU
		{70099AFF-18CA-4F43-9664-23534990B0DB}.Release|Any CPU.Build.0 = Release|Any CPU
		{A40BDDD6-3E9A-496E-BDF4-1983094143E8}.Debug|Any CPU.ActiveCfg = Debug|Any CPU
		{A40BDDD6-3E9A-496E-BDF4-1983094143E8}.Debug|Any CPU.Build.0 = Debug|Any CPU
		{A40BDDD6-3E9A-496E-BDF4-1983094143E8}.Release|Any CPU.ActiveCfg = Release|Any CPU
		{A40BDDD6-3E9A-496E-BDF4-1983094143E8}.Release|Any CPU.Build.0 = Release|Any CPU
		{D39E08EE-659B-40AC-BED4-F1CE0D017F39}.Debug|Any CPU.ActiveCfg = Debug|Any CPU
		{D39E08EE-659B-40AC-BED4-F1CE0D017F39}.Debug|Any CPU.Build.0 = Debug|Any CPU
		{D39E08EE-659B-40AC-BED4-F1CE0D017F39}.Release|Any CPU.ActiveCfg = Release|Any CPU
		{D39E08EE-659B-40AC-BED4-F1CE0D017F39}.Release|Any CPU.Build.0 = Release|Any CPU
		{87238920-86F3-456C-88EC-7AEFB01B12A8}.Debug|Any CPU.ActiveCfg = Debug|Any CPU
		{87238920-86F3-456C-88EC-7AEFB01B12A8}.Debug|Any CPU.Build.0 = Debug|Any CPU
		{87238920-86F3-456C-88EC-7AEFB01B12A8}.Release|Any CPU.ActiveCfg = Release|Any CPU
		{87238920-86F3-456C-88EC-7AEFB01B12A8}.Release|Any CPU.Build.0 = Release|Any CPU
		{C26DAFEB-A410-4A29-9F74-B308C35A277D}.Debug|Any CPU.ActiveCfg = Debug|Any CPU
		{C26DAFEB-A410-4A29-9F74-B308C35A277D}.Debug|Any CPU.Build.0 = Debug|Any CPU
		{C26DAFEB-A410-4A29-9F74-B308C35A277D}.Release|Any CPU.ActiveCfg = Release|Any CPU
		{C26DAFEB-A410-4A29-9F74-B308C35A277D}.Release|Any CPU.Build.0 = Release|Any CPU
		{FDA93FC1-9839-4552-BDD4-4068C6A6A2D6}.Debug|Any CPU.ActiveCfg = Debug|Any CPU
		{FDA93FC1-9839-4552-BDD4-4068C6A6A2D6}.Debug|Any CPU.Build.0 = Debug|Any CPU
		{FDA93FC1-9839-4552-BDD4-4068C6A6A2D6}.Release|Any CPU.ActiveCfg = Release|Any CPU
		{FDA93FC1-9839-4552-BDD4-4068C6A6A2D6}.Release|Any CPU.Build.0 = Release|Any CPU
		{132F756E-A54B-4DFD-B284-F35698BA81F0}.Debug|Any CPU.ActiveCfg = Debug|Any CPU
		{132F756E-A54B-4DFD-B284-F35698BA81F0}.Debug|Any CPU.Build.0 = Debug|Any CPU
		{132F756E-A54B-4DFD-B284-F35698BA81F0}.Release|Any CPU.ActiveCfg = Release|Any CPU
		{132F756E-A54B-4DFD-B284-F35698BA81F0}.Release|Any CPU.Build.0 = Release|Any CPU
		{2AB90764-FA9B-4A3A-9555-BD1439DA3479}.Debug|Any CPU.ActiveCfg = Debug|Any CPU
		{2AB90764-FA9B-4A3A-9555-BD1439DA3479}.Debug|Any CPU.Build.0 = Debug|Any CPU
		{2AB90764-FA9B-4A3A-9555-BD1439DA3479}.Release|Any CPU.ActiveCfg = Release|Any CPU
		{2AB90764-FA9B-4A3A-9555-BD1439DA3479}.Release|Any CPU.Build.0 = Release|Any CPU
		{598B4C76-1F03-4BF1-8D6A-285FD44D8886}.Debug|Any CPU.ActiveCfg = Debug|Any CPU
		{598B4C76-1F03-4BF1-8D6A-285FD44D8886}.Debug|Any CPU.Build.0 = Debug|Any CPU
		{598B4C76-1F03-4BF1-8D6A-285FD44D8886}.Release|Any CPU.ActiveCfg = Release|Any CPU
		{598B4C76-1F03-4BF1-8D6A-285FD44D8886}.Release|Any CPU.Build.0 = Release|Any CPU
	EndGlobalSection
	GlobalSection(SolutionProperties) = preSolution
		HideSolutionNode = FALSE
	EndGlobalSection
	GlobalSection(ExtensibilityGlobals) = postSolution
		SolutionGuid = {4B4443A6-7183-40CF-8F14-D7A2EA04B0C3}
	EndGlobalSection
EndGlobal
