
Microsoft Visual Studio Solution File, Format Version 12.00
# Visual Studio Version 17
VisualStudioVersion = 17.2.32616.157
MinimumVisualStudioVersion = 10.0.40219.1
Project("{FAE04EC0-301F-11D3-BF4B-00C04F79EFBC}") = "visu", "visu\visu.csproj", "{47E00C00-1304-4C9A-B3CC-C65808AE7E0F}"
EndProject
Project("{FAE04EC0-301F-11D3-BF4B-00C04F79EFBC}") = "progress", "progress\progress.csproj", "{97B047B0-A136-4CAE-94B7-F1C1ACA5D1A3}"
EndProject
Project("{9A19103F-16F7-4668-BE54-9A1E7A4F7556}") = "WinFormsApp1", "WinFormsApp1\WinFormsApp1.csproj", "{64496394-0FDE-451B-94E3-48EAACB43907}"
EndProject
Project("{FAE04EC0-301F-11D3-BF4B-00C04F79EFBC}") = "WindowsFormsApp11233241", "WindowsFormsApp11233241\WindowsFormsApp11233241.csproj", "{4FFA2A63-10D5-404C-8970-E4030434EC51}"
EndProject
Project("{FAE04EC0-301F-11D3-BF4B-00C04F79EFBC}") = "list view", "list view\list view.csproj", "{08C97D37-71E5-448F-BEFC-650B6393853E}"
EndProject
Project("{FAE04EC0-301F-11D3-BF4B-00C04F79EFBC}") = "ListView_Code", "ListView_Code\ListView_Code.csproj", "{70099AFF-18CA-4F43-9664-23534990B0DB}"
EndProject
Project("{FAE04EC0-301F-11D3-BF4B-00C04F79EFBC}") = "TreeViewApp", "TreeViewApp\TreeViewApp.csproj", "{A40BDDD6-3E9A-496E-BDF4-1983094143E8}"
EndProject
Global
	GlobalSection(SolutionConfigurationPlatforms) = preSolution
		Debug|Any CPU = Debug|Any CPU
		Release|Any CPU = Release|Any CPU
	EndGlobalSection
	GlobalSection(ProjectConfigurationPlatforms) = postSolution
		{47E00C00-1304-4C9A-B3CC-C65808AE7E0F}.Debug|Any CPU.ActiveCfg = Debug|Any CPU
		{47E00C00-1304-4C9A-B3CC-C65808AE7E0F}.Debug|Any CPU.Build.0 = Debug|Any CPU
		{47E00C00-1304-4C9A-B3CC-C65808AE7E0F}.Release|Any CPU.ActiveCfg = Release|Any CPU
		{47E00C00-1304-4C9A-B3CC-C65808AE7E0F}.Release|Any CPU.Build.0 = Release|Any CPU
		{97B047B0-A136-4CAE-94B7-F1C1ACA5D1A3}.Debug|Any CPU.ActiveCfg = Debug|Any CPU
		{97B047B0-A136-4CAE-94B7-F1C1ACA5D1A3}.Debug|Any CPU.Build.0 = Debug|Any CPU
		{97B047B0-A136-4CAE-94B7-F1C1ACA5D1A3}.Release|Any CPU.ActiveCfg = Release|Any CPU
		{97B047B0-A136-4CAE-94B7-F1C1ACA5D1A3}.Release|Any CPU.Build.0 = Release|Any CPU
		{64496394-0FDE-451B-94E3-48EAACB43907}.Debug|Any CPU.ActiveCfg = Debug|Any CPU
		{64496394-0FDE-451B-94E3-48EAACB43907}.Debug|Any CPU.Build.0 = Debug|Any CPU
		{64496394-0FDE-451B-94E3-48EAACB43907}.Release|Any CPU.ActiveCfg = Release|Any CPU
		{64496394-0FDE-451B-94E3-48EAACB43907}.Release|Any CPU.Build.0 = Release|Any CPU
		{4FFA2A63-10D5-404C-8970-E4030434EC51}.Debug|Any CPU.ActiveCfg = Debug|Any CPU
		{4FFA2A63-10D5-404C-8970-E4030434EC51}.Debug|Any CPU.Build.0 = Debug|Any CPU
		{4FFA2A63-10D5-404C-8970-E4030434EC51}.Release|Any CPU.ActiveCfg = Release|Any CPU
		{4FFA2A63-10D5-404C-8970-E4030434EC51}.Release|Any CPU.Build.0 = Release|Any CPU
		{08C97D37-71E5-448F-BEFC-650B6393853E}.Debug|Any CPU.ActiveCfg = Debug|Any CPU
		{08C97D37-71E5-448F-BEFC-650B6393853E}.Debug|Any CPU.Build.0 = Debug|Any CPU
		{08C97D37-71E5-448F-BEFC-650B6393853E}.Release|Any CPU.ActiveCfg = Release|Any CPU
		{08C97D37-71E5-448F-BEFC-650B6393853E}.Release|Any CPU.Build.0 = Release|Any CPU
		{70099AFF-18CA-4F43-9664-23534990B0DB}.Debug|Any CPU.ActiveCfg = Debug|Any CPU
		{70099AFF-18CA-4F43-9664-23534990B0DB}.Debug|Any CPU.Build.0 = Debug|Any CPU
		{70099AFF-18CA-4F43-9664-23534990B0DB}.Release|Any CPU.ActiveCfg = Release|Any CPU
		{70099AFF-18CA-4F43-9664-23534990B0DB}.Release|Any CPU.Build.0 = Release|Any CPU
		{A40BDDD6-3E9A-496E-BDF4-1983094143E8}.Debug|Any CPU.ActiveCfg = Debug|Any CPU
		{A40BDDD6-3E9A-496E-BDF4-1983094143E8}.Debug|Any CPU.Build.0 = Debug|Any CPU
		{A40BDDD6-3E9A-496E-BDF4-1983094143E8}.Release|Any CPU.ActiveCfg = Release|Any CPU
		{A40BDDD6-3E9A-496E-BDF4-1983094143E8}.Release|Any CPU.Build.0 = Release|Any CPU
	EndGlobalSection
	GlobalSection(SolutionProperties) = preSolution
		HideSolutionNode = FALSE
	EndGlobalSection
	GlobalSection(ExtensibilityGlobals) = postSolution
		SolutionGuid = {4B4443A6-7183-40CF-8F14-D7A2EA04B0C3}
	EndGlobalSection
EndGlobal
